
Microsoft Visual Studio Solution File, Format Version 12.00
# Visual Studio 15
Project("{FAE04EC0-301F-11D3-BF4B-00C04F79EFBC}") = "Losning-pizza-1-core", "Losning-pizza-1-core\Losning-pizza-1-core.csproj", "{2E8AC06C-8B36-446E-98B2-57C467359C62}"
EndProject
Global
	GlobalSection(SolutionConfigurationPlatforms) = preSolution
		Debug|Any CPU = Debug|Any CPU
		Release|Any CPU = Release|Any CPU
	EndGlobalSection
	GlobalSection(ProjectConfigurationPlatforms) = postSolution
		{2E8AC06C-8B36-446E-98B2-57C467359C62}.Debug|Any CPU.ActiveCfg = Debug|Any CPU
		{2E8AC06C-8B36-446E-98B2-57C467359C62}.Debug|Any CPU.Build.0 = Debug|Any CPU
		{2E8AC06C-8B36-446E-98B2-57C467359C62}.Release|Any CPU.ActiveCfg = Release|Any CPU
		{2E8AC06C-8B36-446E-98B2-57C467359C62}.Release|Any CPU.Build.0 = Release|Any CPU
	EndGlobalSection
EndGlobal
